// !$*UTF8*$!
{
	archiveVersion = 1;
	classes = {
	};
	objectVersion = 46;
	objects = {

/* Begin PBXBuildFile section */
		4602A29418CEB6AB0023E99C /* Foundation.framework in Frameworks */ = {isa = PBXBuildFile; fileRef = 4602A29318CEB6AB0023E99C /* Foundation.framework */; };
		4602A29618CEB6AB0023E99C /* CoreGraphics.framework in Frameworks */ = {isa = PBXBuildFile; fileRef = 4602A29518CEB6AB0023E99C /* CoreGraphics.framework */; };
		4602A29818CEB6AB0023E99C /* UIKit.framework in Frameworks */ = {isa = PBXBuildFile; fileRef = 4602A29718CEB6AB0023E99C /* UIKit.framework */; };
		4602A29E18CEB6AB0023E99C /* InfoPlist.strings in Resources */ = {isa = PBXBuildFile; fileRef = 4602A29C18CEB6AB0023E99C /* InfoPlist.strings */; };
		4602A2A018CEB6AB0023E99C /* main.m in Sources */ = {isa = PBXBuildFile; fileRef = 4602A29F18CEB6AB0023E99C /* main.m */; };
		4602A2A418CEB6AB0023E99C /* AppDelegate.m in Sources */ = {isa = PBXBuildFile; fileRef = 4602A2A318CEB6AB0023E99C /* AppDelegate.m */; };
		4602A2A718CEB6AB0023E99C /* Main_iPhone.storyboard in Resources */ = {isa = PBXBuildFile; fileRef = 4602A2A518CEB6AB0023E99C /* Main_iPhone.storyboard */; };
		4602A2AA18CEB6AB0023E99C /* Main_iPad.storyboard in Resources */ = {isa = PBXBuildFile; fileRef = 4602A2A818CEB6AB0023E99C /* Main_iPad.storyboard */; };
		4602A2AD18CEB6AB0023E99C /* ViewController.m in Sources */ = {isa = PBXBuildFile; fileRef = 4602A2AC18CEB6AB0023E99C /* ViewController.m */; };
		4602A2AF18CEB6AB0023E99C /* Images.xcassets in Resources */ = {isa = PBXBuildFile; fileRef = 4602A2AE18CEB6AB0023E99C /* Images.xcassets */; };
		4602A2B618CEB6AB0023E99C /* XCTest.framework in Frameworks */ = {isa = PBXBuildFile; fileRef = 4602A2B518CEB6AB0023E99C /* XCTest.framework */; };
		4602A2B718CEB6AB0023E99C /* Foundation.framework in Frameworks */ = {isa = PBXBuildFile; fileRef = 4602A29318CEB6AB0023E99C /* Foundation.framework */; };
		4602A2B818CEB6AB0023E99C /* UIKit.framework in Frameworks */ = {isa = PBXBuildFile; fileRef = 4602A29718CEB6AB0023E99C /* UIKit.framework */; };
		4602A2C018CEB6AB0023E99C /* InfoPlist.strings in Resources */ = {isa = PBXBuildFile; fileRef = 4602A2BE18CEB6AB0023E99C /* InfoPlist.strings */; };
		4602A2C218CEB6AB0023E99C /* socket_io_example_chat_iosTests.m in Sources */ = {isa = PBXBuildFile; fileRef = 4602A2C118CEB6AB0023E99C /* socket_io_example_chat_iosTests.m */; };
/* End PBXBuildFile section */

/* Begin PBXContainerItemProxy section */
		4602A2B918CEB6AB0023E99C /* PBXContainerItemProxy */ = {
			isa = PBXContainerItemProxy;
			containerPortal = 4602A28818CEB6AB0023E99C /* Project object */;
			proxyType = 1;
			remoteGlobalIDString = 4602A28F18CEB6AB0023E99C;
			remoteInfo = "socket.io-example-chat-ios";
		};
/* End PBXContainerItemProxy section */

/* Begin PBXFileReference section */
		4602A29018CEB6AB0023E99C /* socket.io-example-chat-ios.app */ = {isa = PBXFileReference; explicitFileType = wrapper.application; includeInIndex = 0; path = "socket.io-example-chat-ios.app"; sourceTree = BUILT_PRODUCTS_DIR; };
		4602A29318CEB6AB0023E99C /* Foundation.framework */ = {isa = PBXFileReference; lastKnownFileType = wrapper.framework; name = Foundation.framework; path = System/Library/Frameworks/Foundation.framework; sourceTree = SDKROOT; };
		4602A29518CEB6AB0023E99C /* CoreGraphics.framework */ = {isa = PBXFileReference; lastKnownFileType = wrapper.framework; name = CoreGraphics.framework; path = System/Library/Frameworks/CoreGraphics.framework; sourceTree = SDKROOT; };
		4602A29718CEB6AB0023E99C /* UIKit.framework */ = {isa = PBXFileReference; lastKnownFileType = wrapper.framework; name = UIKit.framework; path = System/Library/Frameworks/UIKit.framework; sourceTree = SDKROOT; };
		4602A29B18CEB6AB0023E99C /* socket.io-example-chat-ios-Info.plist */ = {isa = PBXFileReference; lastKnownFileType = text.plist.xml; path = "socket.io-example-chat-ios-Info.plist"; sourceTree = "<group>"; };
		4602A29D18CEB6AB0023E99C /* en */ = {isa = PBXFileReference; lastKnownFileType = text.plist.strings; name = en; path = en.lproj/InfoPlist.strings; sourceTree = "<group>"; };
		4602A29F18CEB6AB0023E99C /* main.m */ = {isa = PBXFileReference; lastKnownFileType = sourcecode.c.objc; path = main.m; sourceTree = "<group>"; };
		4602A2A118CEB6AB0023E99C /* socket.io-example-chat-ios-Prefix.pch */ = {isa = PBXFileReference; lastKnownFileType = sourcecode.c.h; path = "socket.io-example-chat-ios-Prefix.pch"; sourceTree = "<group>"; };
		4602A2A218CEB6AB0023E99C /* AppDelegate.h */ = {isa = PBXFileReference; lastKnownFileType = sourcecode.c.h; path = AppDelegate.h; sourceTree = "<group>"; };
		4602A2A318CEB6AB0023E99C /* AppDelegate.m */ = {isa = PBXFileReference; lastKnownFileType = sourcecode.c.objc; path = AppDelegate.m; sourceTree = "<group>"; };
		4602A2A618CEB6AB0023E99C /* Base */ = {isa = PBXFileReference; lastKnownFileType = file.storyboard; name = Base; path = Base.lproj/Main_iPhone.storyboard; sourceTree = "<group>"; };
		4602A2A918CEB6AB0023E99C /* Base */ = {isa = PBXFileReference; lastKnownFileType = file.storyboard; name = Base; path = Base.lproj/Main_iPad.storyboard; sourceTree = "<group>"; };
		4602A2AB18CEB6AB0023E99C /* ViewController.h */ = {isa = PBXFileReference; lastKnownFileType = sourcecode.c.h; path = ViewController.h; sourceTree = "<group>"; };
		4602A2AC18CEB6AB0023E99C /* ViewController.m */ = {isa = PBXFileReference; lastKnownFileType = sourcecode.c.objc; path = ViewController.m; sourceTree = "<group>"; };
		4602A2AE18CEB6AB0023E99C /* Images.xcassets */ = {isa = PBXFileReference; lastKnownFileType = folder.assetcatalog; path = Images.xcassets; sourceTree = "<group>"; };
		4602A2B418CEB6AB0023E99C /* socket.io-example-chat-iosTests.xctest */ = {isa = PBXFileReference; explicitFileType = wrapper.cfbundle; includeInIndex = 0; path = "socket.io-example-chat-iosTests.xctest"; sourceTree = BUILT_PRODUCTS_DIR; };
		4602A2B518CEB6AB0023E99C /* XCTest.framework */ = {isa = PBXFileReference; lastKnownFileType = wrapper.framework; name = XCTest.framework; path = Library/Frameworks/XCTest.framework; sourceTree = DEVELOPER_DIR; };
		4602A2BD18CEB6AB0023E99C /* socket.io-example-chat-iosTests-Info.plist */ = {isa = PBXFileReference; lastKnownFileType = text.plist.xml; path = "socket.io-example-chat-iosTests-Info.plist"; sourceTree = "<group>"; };
		4602A2BF18CEB6AB0023E99C /* en */ = {isa = PBXFileReference; lastKnownFileType = text.plist.strings; name = en; path = en.lproj/InfoPlist.strings; sourceTree = "<group>"; };
		4602A2C118CEB6AB0023E99C /* socket_io_example_chat_iosTests.m */ = {isa = PBXFileReference; lastKnownFileType = sourcecode.c.objc; path = socket_io_example_chat_iosTests.m; sourceTree = "<group>"; };
/* End PBXFileReference section */

/* Begin PBXFrameworksBuildPhase section */
		4602A28D18CEB6AB0023E99C /* Frameworks */ = {
			isa = PBXFrameworksBuildPhase;
			buildActionMask = 2147483647;
			files = (
				4602A29618CEB6AB0023E99C /* CoreGraphics.framework in Frameworks */,
				4602A29818CEB6AB0023E99C /* UIKit.framework in Frameworks */,
				4602A29418CEB6AB0023E99C /* Foundation.framework in Frameworks */,
			);
			runOnlyForDeploymentPostprocessing = 0;
		};
		4602A2B118CEB6AB0023E99C /* Frameworks */ = {
			isa = PBXFrameworksBuildPhase;
			buildActionMask = 2147483647;
			files = (
				4602A2B618CEB6AB0023E99C /* XCTest.framework in Frameworks */,
				4602A2B818CEB6AB0023E99C /* UIKit.framework in Frameworks */,
				4602A2B718CEB6AB0023E99C /* Foundation.framework in Frameworks */,
			);
			runOnlyForDeploymentPostprocessing = 0;
		};
/* End PBXFrameworksBuildPhase section */

/* Begin PBXGroup section */
		4602A28718CEB6AB0023E99C = {
			isa = PBXGroup;
			children = (
				4602A29918CEB6AB0023E99C /* socket.io-example-chat-ios */,
				4602A2BB18CEB6AB0023E99C /* socket.io-example-chat-iosTests */,
				4602A29218CEB6AB0023E99C /* Frameworks */,
				4602A29118CEB6AB0023E99C /* Products */,
			);
			sourceTree = "<group>";
		};
		4602A29118CEB6AB0023E99C /* Products */ = {
			isa = PBXGroup;
			children = (
				4602A29018CEB6AB0023E99C /* socket.io-example-chat-ios.app */,
				4602A2B418CEB6AB0023E99C /* socket.io-example-chat-iosTests.xctest */,
			);
			name = Products;
			sourceTree = "<group>";
		};
		4602A29218CEB6AB0023E99C /* Frameworks */ = {
			isa = PBXGroup;
			children = (
				4602A29318CEB6AB0023E99C /* Foundation.framework */,
				4602A29518CEB6AB0023E99C /* CoreGraphics.framework */,
				4602A29718CEB6AB0023E99C /* UIKit.framework */,
				4602A2B518CEB6AB0023E99C /* XCTest.framework */,
			);
			name = Frameworks;
			sourceTree = "<group>";
		};
		4602A29918CEB6AB0023E99C /* socket.io-example-chat-ios */ = {
			isa = PBXGroup;
			children = (
				4602A2A218CEB6AB0023E99C /* AppDelegate.h */,
				4602A2A318CEB6AB0023E99C /* AppDelegate.m */,
				4602A2A518CEB6AB0023E99C /* Main_iPhone.storyboard */,
				4602A2A818CEB6AB0023E99C /* Main_iPad.storyboard */,
				4602A2AB18CEB6AB0023E99C /* ViewController.h */,
				4602A2AC18CEB6AB0023E99C /* ViewController.m */,
				4602A2AE18CEB6AB0023E99C /* Images.xcassets */,
				4602A29A18CEB6AB0023E99C /* Supporting Files */,
			);
			path = "socket.io-example-chat-ios";
			sourceTree = "<group>";
		};
		4602A29A18CEB6AB0023E99C /* Supporting Files */ = {
			isa = PBXGroup;
			children = (
				4602A29B18CEB6AB0023E99C /* socket.io-example-chat-ios-Info.plist */,
				4602A29C18CEB6AB0023E99C /* InfoPlist.strings */,
				4602A29F18CEB6AB0023E99C /* main.m */,
				4602A2A118CEB6AB0023E99C /* socket.io-example-chat-ios-Prefix.pch */,
			);
			name = "Supporting Files";
			sourceTree = "<group>";
		};
		4602A2BB18CEB6AB0023E99C /* socket.io-example-chat-iosTests */ = {
			isa = PBXGroup;
			children = (
				4602A2C118CEB6AB0023E99C /* socket_io_example_chat_iosTests.m */,
				4602A2BC18CEB6AB0023E99C /* Supporting Files */,
			);
			path = "socket.io-example-chat-iosTests";
			sourceTree = "<group>";
		};
		4602A2BC18CEB6AB0023E99C /* Supporting Files */ = {
			isa = PBXGroup;
			children = (
				4602A2BD18CEB6AB0023E99C /* socket.io-example-chat-iosTests-Info.plist */,
				4602A2BE18CEB6AB0023E99C /* InfoPlist.strings */,
			);
			name = "Supporting Files";
			sourceTree = "<group>";
		};
/* End PBXGroup section */

/* Begin PBXNativeTarget section */
		4602A28F18CEB6AB0023E99C /* socket.io-example-chat-ios */ = {
			isa = PBXNativeTarget;
			buildConfigurationList = 4602A2C518CEB6AB0023E99C /* Build configuration list for PBXNativeTarget "socket.io-example-chat-ios" */;
			buildPhases = (
				4602A28C18CEB6AB0023E99C /* Sources */,
				4602A28D18CEB6AB0023E99C /* Frameworks */,
				4602A28E18CEB6AB0023E99C /* Resources */,
			);
			buildRules = (
			);
			dependencies = (
			);
			name = "socket.io-example-chat-ios";
			productName = "socket.io-example-chat-ios";
			productReference = 4602A29018CEB6AB0023E99C /* socket.io-example-chat-ios.app */;
			productType = "com.apple.product-type.application";
		};
		4602A2B318CEB6AB0023E99C /* socket.io-example-chat-iosTests */ = {
			isa = PBXNativeTarget;
			buildConfigurationList = 4602A2C818CEB6AB0023E99C /* Build configuration list for PBXNativeTarget "socket.io-example-chat-iosTests" */;
			buildPhases = (
				4602A2B018CEB6AB0023E99C /* Sources */,
				4602A2B118CEB6AB0023E99C /* Frameworks */,
				4602A2B218CEB6AB0023E99C /* Resources */,
			);
			buildRules = (
			);
			dependencies = (
				4602A2BA18CEB6AB0023E99C /* PBXTargetDependency */,
			);
			name = "socket.io-example-chat-iosTests";
			productName = "socket.io-example-chat-iosTests";
			productReference = 4602A2B418CEB6AB0023E99C /* socket.io-example-chat-iosTests.xctest */;
			productType = "com.apple.product-type.bundle.unit-test";
		};
/* End PBXNativeTarget section */

/* Begin PBXProject section */
		4602A28818CEB6AB0023E99C /* Project object */ = {
			isa = PBXProject;
			attributes = {
				LastUpgradeCheck = 0510;
				ORGANIZATIONNAME = "___FULLUSERNAME___";
				TargetAttributes = {
					4602A2B318CEB6AB0023E99C = {
						TestTargetID = 4602A28F18CEB6AB0023E99C;
					};
				};
			};
			buildConfigurationList = 4602A28B18CEB6AB0023E99C /* Build configuration list for PBXProject "socket.io-example-chat-ios" */;
			compatibilityVersion = "Xcode 3.2";
			developmentRegion = English;
			hasScannedForEncodings = 0;
			knownRegions = (
				en,
				Base,
			);
			mainGroup = 4602A28718CEB6AB0023E99C;
			productRefGroup = 4602A29118CEB6AB0023E99C /* Products */;
			projectDirPath = "";
			projectRoot = "";
			targets = (
				4602A28F18CEB6AB0023E99C /* socket.io-example-chat-ios */,
				4602A2B318CEB6AB0023E99C /* socket.io-example-chat-iosTests */,
			);
		};
/* End PBXProject section */

/* Begin PBXResourcesBuildPhase section */
		4602A28E18CEB6AB0023E99C /* Resources */ = {
			isa = PBXResourcesBuildPhase;
			buildActionMask = 2147483647;
			files = (
				4602A2AA18CEB6AB0023E99C /* Main_iPad.storyboard in Resources */,
				4602A2AF18CEB6AB0023E99C /* Images.xcassets in Resources */,
				4602A2A718CEB6AB0023E99C /* Main_iPhone.storyboard in Resources */,
				4602A29E18CEB6AB0023E99C /* InfoPlist.strings in Resources */,
			);
			runOnlyForDeploymentPostprocessing = 0;
		};
		4602A2B218CEB6AB0023E99C /* Resources */ = {
			isa = PBXResourcesBuildPhase;
			buildActionMask = 2147483647;
			files = (
				4602A2C018CEB6AB0023E99C /* InfoPlist.strings in Resources */,
			);
			runOnlyForDeploymentPostprocessing = 0;
		};
/* End PBXResourcesBuildPhase section */

/* Begin PBXSourcesBuildPhase section */
		4602A28C18CEB6AB0023E99C /* Sources */ = {
			isa = PBXSourcesBuildPhase;
			buildActionMask = 2147483647;
			files = (
				4602A2AD18CEB6AB0023E99C /* ViewController.m in Sources */,
				4602A2A418CEB6AB0023E99C /* AppDelegate.m in Sources */,
				4602A2A018CEB6AB0023E99C /* main.m in Sources */,
			);
			runOnlyForDeploymentPostprocessing = 0;
		};
		4602A2B018CEB6AB0023E99C /* Sources */ = {
			isa = PBXSourcesBuildPhase;
			buildActionMask = 2147483647;
			files = (
				4602A2C218CEB6AB0023E99C /* socket_io_example_chat_iosTests.m in Sources */,
			);
			runOnlyForDeploymentPostprocessing = 0;
		};
/* End PBXSourcesBuildPhase section */

/* Begin PBXTargetDependency section */
		4602A2BA18CEB6AB0023E99C /* PBXTargetDependency */ = {
			isa = PBXTargetDependency;
			target = 4602A28F18CEB6AB0023E99C /* socket.io-example-chat-ios */;
			targetProxy = 4602A2B918CEB6AB0023E99C /* PBXContainerItemProxy */;
		};
/* End PBXTargetDependency section */

/* Begin PBXVariantGroup section */
		4602A29C18CEB6AB0023E99C /* InfoPlist.strings */ = {
			isa = PBXVariantGroup;
			children = (
				4602A29D18CEB6AB0023E99C /* en */,
			);
			name = InfoPlist.strings;
			sourceTree = "<group>";
		};
		4602A2A518CEB6AB0023E99C /* Main_iPhone.storyboard */ = {
			isa = PBXVariantGroup;
			children = (
				4602A2A618CEB6AB0023E99C /* Base */,
			);
			name = Main_iPhone.storyboard;
			sourceTree = "<group>";
		};
		4602A2A818CEB6AB0023E99C /* Main_iPad.storyboard */ = {
			isa = PBXVariantGroup;
			children = (
				4602A2A918CEB6AB0023E99C /* Base */,
			);
			name = Main_iPad.storyboard;
			sourceTree = "<group>";
		};
		4602A2BE18CEB6AB0023E99C /* InfoPlist.strings */ = {
			isa = PBXVariantGroup;
			children = (
				4602A2BF18CEB6AB0023E99C /* en */,
			);
			name = InfoPlist.strings;
			sourceTree = "<group>";
		};
/* End PBXVariantGroup section */

/* Begin XCBuildConfiguration section */
		4602A2C318CEB6AB0023E99C /* Debug */ = {
			isa = XCBuildConfiguration;
			buildSettings = {
				ALWAYS_SEARCH_USER_PATHS = NO;
				CLANG_CXX_LANGUAGE_STANDARD = "gnu++0x";
				CLANG_CXX_LIBRARY = "libc++";
				CLANG_ENABLE_MODULES = YES;
				CLANG_ENABLE_OBJC_ARC = YES;
				CLANG_WARN_BOOL_CONVERSION = YES;
				CLANG_WARN_CONSTANT_CONVERSION = YES;
				CLANG_WARN_DIRECT_OBJC_ISA_USAGE = YES_ERROR;
				CLANG_WARN_EMPTY_BODY = YES;
				CLANG_WARN_ENUM_CONVERSION = YES;
				CLANG_WARN_INT_CONVERSION = YES;
				CLANG_WARN_OBJC_ROOT_CLASS = YES_ERROR;
				CLANG_WARN__DUPLICATE_METHOD_MATCH = YES;
				"CODE_SIGN_IDENTITY[sdk=iphoneos*]" = "iPhone Developer";
				COPY_PHASE_STRIP = NO;
				GCC_C_LANGUAGE_STANDARD = gnu99;
				GCC_DYNAMIC_NO_PIC = NO;
				GCC_OPTIMIZATION_LEVEL = 0;
				GCC_PREPROCESSOR_DEFINITIONS = (
					"DEBUG=1",
					"$(inherited)",
				);
				GCC_SYMBOLS_PRIVATE_EXTERN = NO;
				GCC_WARN_64_TO_32_BIT_CONVERSION = YES;
				GCC_WARN_ABOUT_RETURN_TYPE = YES_ERROR;
				GCC_WARN_UNDECLARED_SELECTOR = YES;
				GCC_WARN_UNINITIALIZED_AUTOS = YES_AGGRESSIVE;
				GCC_WARN_UNUSED_FUNCTION = YES;
				GCC_WARN_UNUSED_VARIABLE = YES;
				IPHONEOS_DEPLOYMENT_TARGET = 7.1;
				ONLY_ACTIVE_ARCH = YES;
				SDKROOT = iphoneos;
				TARGETED_DEVICE_FAMILY = "1,2";
			};
			name = Debug;
		};
		4602A2C418CEB6AB0023E99C /* Release */ = {
			isa = XCBuildConfiguration;
			buildSettings = {
				ALWAYS_SEARCH_USER_PATHS = NO;
				CLANG_CXX_LANGUAGE_STANDARD = "gnu++0x";
				CLANG_CXX_LIBRARY = "libc++";
				CLANG_ENABLE_MODULES = YES;
				CLANG_ENABLE_OBJC_ARC = YES;
				CLANG_WARN_BOOL_CONVERSION = YES;
				CLANG_WARN_CONSTANT_CONVERSION = YES;
				CLANG_WARN_DIRECT_OBJC_ISA_USAGE = YES_ERROR;
				CLANG_WARN_EMPTY_BODY = YES;
				CLANG_WARN_ENUM_CONVERSION = YES;
				CLANG_WARN_INT_CONVERSION = YES;
				CLANG_WARN_OBJC_ROOT_CLASS = YES_ERROR;
				CLANG_WARN__DUPLICATE_METHOD_MATCH = YES;
				"CODE_SIGN_IDENTITY[sdk=iphoneos*]" = "iPhone Developer";
				COPY_PHASE_STRIP = YES;
				ENABLE_NS_ASSERTIONS = NO;
				GCC_C_LANGUAGE_STANDARD = gnu99;
				GCC_WARN_64_TO_32_BIT_CONVERSION = YES;
				GCC_WARN_ABOUT_RETURN_TYPE = YES_ERROR;
				GCC_WARN_UNDECLARED_SELECTOR = YES;
				GCC_WARN_UNINITIALIZED_AUTOS = YES_AGGRESSIVE;
				GCC_WARN_UNUSED_FUNCTION = YES;
				GCC_WARN_UNUSED_VARIABLE = YES;
				IPHONEOS_DEPLOYMENT_TARGET = 7.1;
				SDKROOT = iphoneos;
				TARGETED_DEVICE_FAMILY = "1,2";
				VALIDATE_PRODUCT = YES;
			};
			name = Release;
		};
		4602A2C618CEB6AB0023E99C /* Debug */ = {
			isa = XCBuildConfiguration;
			buildSettings = {
				ASSETCATALOG_COMPILER_APPICON_NAME = AppIcon;
				ASSETCATALOG_COMPILER_LAUNCHIMAGE_NAME = LaunchImage;
				GCC_PRECOMPILE_PREFIX_HEADER = YES;
				GCC_PREFIX_HEADER = "socket.io-example-chat-ios/socket.io-example-chat-ios-Prefix.pch";
				INFOPLIST_FILE = "socket.io-example-chat-ios/socket.io-example-chat-ios-Info.plist";
				PRODUCT_NAME = "$(TARGET_NAME)";
				WRAPPER_EXTENSION = app;
			};
			name = Debug;
		};
		4602A2C718CEB6AB0023E99C /* Release */ = {
			isa = XCBuildConfiguration;
			buildSettings = {
				ASSETCATALOG_COMPILER_APPICON_NAME = AppIcon;
				ASSETCATALOG_COMPILER_LAUNCHIMAGE_NAME = LaunchImage;
				GCC_PRECOMPILE_PREFIX_HEADER = YES;
				GCC_PREFIX_HEADER = "socket.io-example-chat-ios/socket.io-example-chat-ios-Prefix.pch";
				INFOPLIST_FILE = "socket.io-example-chat-ios/socket.io-example-chat-ios-Info.plist";
				PRODUCT_NAME = "$(TARGET_NAME)";
				WRAPPER_EXTENSION = app;
			};
			name = Release;
		};
		4602A2C918CEB6AB0023E99C /* Debug */ = {
			isa = XCBuildConfiguration;
			buildSettings = {
				BUNDLE_LOADER = "$(BUILT_PRODUCTS_DIR)/socket.io-example-chat-ios.app/socket.io-example-chat-ios";
				FRAMEWORK_SEARCH_PATHS = (
					"$(SDKROOT)/Developer/Library/Frameworks",
					"$(inherited)",
					"$(DEVELOPER_FRAMEWORKS_DIR)",
				);
				GCC_PRECOMPILE_PREFIX_HEADER = YES;
				GCC_PREFIX_HEADER = "socket.io-example-chat-ios/socket.io-example-chat-ios-Prefix.pch";
				GCC_PREPROCESSOR_DEFINITIONS = (
					"DEBUG=1",
					"$(inherited)",
				);
				INFOPLIST_FILE = "socket.io-example-chat-iosTests/socket.io-example-chat-iosTests-Info.plist";
				PRODUCT_NAME = "$(TARGET_NAME)";
				TEST_HOST = "$(BUNDLE_LOADER)";
				WRAPPER_EXTENSION = xctest;
			};
			name = Debug;
		};
		4602A2CA18CEB6AB0023E99C /* Release */ = {
			isa = XCBuildConfiguration;
			buildSettings = {
				BUNDLE_LOADER = "$(BUILT_PRODUCTS_DIR)/socket.io-example-chat-ios.app/socket.io-example-chat-ios";
				FRAMEWORK_SEARCH_PATHS = (
					"$(SDKROOT)/Developer/Library/Frameworks",
					"$(inherited)",
					"$(DEVELOPER_FRAMEWORKS_DIR)",
				);
				GCC_PRECOMPILE_PREFIX_HEADER = YES;
				GCC_PREFIX_HEADER = "socket.io-example-chat-ios/socket.io-example-chat-ios-Prefix.pch";
				INFOPLIST_FILE = "socket.io-example-chat-iosTests/socket.io-example-chat-iosTests-Info.plist";
				PRODUCT_NAME = "$(TARGET_NAME)";
				TEST_HOST = "$(BUNDLE_LOADER)";
				WRAPPER_EXTENSION = xctest;
			};
			name = Release;
		};
/* End XCBuildConfiguration section */

/* Begin XCConfigurationList section */
		4602A28B18CEB6AB0023E99C /* Build configuration list for PBXProject "socket.io-example-chat-ios" */ = {
			isa = XCConfigurationList;
			buildConfigurations = (
				4602A2C318CEB6AB0023E99C /* Debug */,
				4602A2C418CEB6AB0023E99C /* Release */,
			);
			defaultConfigurationIsVisible = 0;
			defaultConfigurationName = Release;
		};
		4602A2C518CEB6AB0023E99C /* Build configuration list for PBXNativeTarget "socket.io-example-chat-ios" */ = {
			isa = XCConfigurationList;
			buildConfigurations = (
				4602A2C618CEB6AB0023E99C /* Debug */,
				4602A2C718CEB6AB0023E99C /* Release */,
			);
			defaultConfigurationIsVisible = 0;
		};
		4602A2C818CEB6AB0023E99C /* Build configuration list for PBXNativeTarget "socket.io-example-chat-iosTests" */ = {
			isa = XCConfigurationList;
			buildConfigurations = (
				4602A2C918CEB6AB0023E99C /* Debug */,
				4602A2CA18CEB6AB0023E99C /* Release */,
			);
			defaultConfigurationIsVisible = 0;
		};
/* End XCConfigurationList section */
	};
	rootObject = 4602A28818CEB6AB0023E99C /* Project object */;
}
